// !$*UTF8*$!
{
	archiveVersion = 1;
	classes = {
	};
	objectVersion = 77;
	objects = {

/* Begin PBXBuildFile section */
		5ABF4A192FAFE69700AD367D /* Recipe.swift in Sources */ = {isa = PBXBuildFile; fileRef = 5ABF4A182FAFE69700AD367D /* Recipe.swift */; };
		5ABF4A1B2FAFE6C400AD367D /* RecipeDraft.swift in Sources */ = {isa = PBXBuildFile; fileRef = 5ABF4A1A2FAFE6C400AD367D /* RecipeDraft.swift */; };
		5ABF4A1D2FAFE6E100AD367D /* RecipeAPIService.swift in Sources */ = {isa = PBXBuildFile; fileRef = 5ABF4A1C2FAFE6E100AD367D /* RecipeAPIService.swift */; };
		5ABF4A1F2FAFE6FF00AD367D /* ImportRecipeView.swift in Sources */ = {isa = PBXBuildFile; fileRef = 5ABF4A1E2FAFE6FF00AD367D /* ImportRecipeView.swift */; };
		5ABF4A212FAFE71900AD367D /* RecipeReviewView.swift in Sources */ = {isa = PBXBuildFile; fileRef = 5ABF4A202FAFE71900AD367D /* RecipeReviewView.swift */; };
		5ABF4A232FAFE72E00AD367D /* RecipeDetailView.swift in Sources */ = {isa = PBXBuildFile; fileRef = 5ABF4A222FAFE72E00AD367D /* RecipeDetailView.swift */; };
		5ABF4A252FAFE74800AD367D /* AddEditRecipeView.swift .swift in Sources */ = {isa = PBXBuildFile; fileRef = 5ABF4A242FAFE74800AD367D /* AddEditRecipeView.swift .swift */; };
		5ABF4A272FAFE75D00AD367D /* CookingModeView.swift .swift in Sources */ = {isa = PBXBuildFile; fileRef = 5ABF4A262FAFE75D00AD367D /* CookingModeView.swift .swift */; };
		5ABF4A292FAFE77500AD367D /* IngredientScalingHelper.swift in Sources */ = {isa = PBXBuildFile; fileRef = 5ABF4A282FAFE77500AD367D /* IngredientScalingHelper.swift */; };
		5ABF4A2B2FAFE78800AD367D /* SampleRecipes.swift in Sources */ = {isa = PBXBuildFile; fileRef = 5ABF4A2A2FAFE78800AD367D /* SampleRecipes.swift */; };
		5ABF4A4A2FB0931E00AD367D /* RecipeClipShareExtension.appex in Embed Foundation Extensions */ = {isa = PBXBuildFile; fileRef = 5ABF4A402FB0931E00AD367D /* RecipeClipShareExtension.appex */; settings = {ATTRIBUTES = (RemoveHeadersOnCopy, ); }; };
/* End PBXBuildFile section */

/* Begin PBXContainerItemProxy section */
		5ABF49FC2FAFDF1B00AD367D /* PBXContainerItemProxy */ = {
			isa = PBXContainerItemProxy;
			containerPortal = 5ABF49E42FAFDF1800AD367D /* Project object */;
			proxyType = 1;
			remoteGlobalIDString = 5ABF49EB2FAFDF1800AD367D;
			remoteInfo = RecipeClip;
		};
		5ABF4A062FAFDF1B00AD367D /* PBXContainerItemProxy */ = {
			isa = PBXContainerItemProxy;
			containerPortal = 5ABF49E42FAFDF1800AD367D /* Project object */;
			proxyType = 1;
			remoteGlobalIDString = 5ABF49EB2FAFDF1800AD367D;
			remoteInfo = RecipeClip;
		};
		5ABF4A482FB0931E00AD367D /* PBXContainerItemProxy */ = {
			isa = PBXContainerItemProxy;
			containerPortal = 5ABF49E42FAFDF1800AD367D /* Project object */;
			proxyType = 1;
			remoteGlobalIDString = 5ABF4A3F2FB0931E00AD367D;
			remoteInfo = RecipeClipShareExtension;
		};
/* End PBXContainerItemProxy section */

/* Begin PBXCopyFilesBuildPhase section */
		5ABF4A4B2FB0931E00AD367D /* Embed Foundation Extensions */ = {
			isa = PBXCopyFilesBuildPhase;
			buildActionMask = 2147483647;
			dstPath = "";
			dstSubfolderSpec = 13;
			files = (
				5ABF4A4A2FB0931E00AD367D /* RecipeClipShareExtension.appex in Embed Foundation Extensions */,
			);
			name = "Embed Foundation Extensions";
			runOnlyForDeploymentPostprocessing = 0;
		};
/* End PBXCopyFilesBuildPhase section */

/* Begin PBXFileReference section */
		5ABF49EC2FAFDF1800AD367D /* RecipeClip.app */ = {isa = PBXFileReference; explicitFileType = wrapper.application; includeInIndex = 0; path = RecipeClip.app; sourceTree = BUILT_PRODUCTS_DIR; };
		5ABF49FB2FAFDF1B00AD367D /* RecipeClipTests.xctest */ = {isa = PBXFileReference; explicitFileType = wrapper.cfbundle; includeInIndex = 0; path = RecipeClipTests.xctest; sourceTree = BUILT_PRODUCTS_DIR; };
		5ABF4A052FAFDF1B00AD367D /* RecipeClipUITests.xctest */ = {isa = PBXFileReference; explicitFileType = wrapper.cfbundle; includeInIndex = 0; path = RecipeClipUITests.xctest; sourceTree = BUILT_PRODUCTS_DIR; };
		5ABF4A182FAFE69700AD367D /* Recipe.swift */ = {isa = PBXFileReference; lastKnownFileType = sourcecode.swift; path = Recipe.swift; sourceTree = "<group>"; };
		5ABF4A1A2FAFE6C400AD367D /* RecipeDraft.swift */ = {isa = PBXFileReference; lastKnownFileType = sourcecode.swift; path = RecipeDraft.swift; sourceTree = "<group>"; };
		5ABF4A1C2FAFE6E100AD367D /* RecipeAPIService.swift */ = {isa = PBXFileReference; lastKnownFileType = sourcecode.swift; path = RecipeAPIService.swift; sourceTree = "<group>"; };
		5ABF4A1E2FAFE6FF00AD367D /* ImportRecipeView.swift */ = {isa = PBXFileReference; lastKnownFileType = sourcecode.swift; path = ImportRecipeView.swift; sourceTree = "<group>"; };
		5ABF4A202FAFE71900AD367D /* RecipeReviewView.swift */ = {isa = PBXFileReference; lastKnownFileType = sourcecode.swift; path = RecipeReviewView.swift; sourceTree = "<group>"; };
		5ABF4A222FAFE72E00AD367D /* RecipeDetailView.swift */ = {isa = PBXFileReference; lastKnownFileType = sourcecode.swift; path = RecipeDetailView.swift; sourceTree = "<group>"; };
		5ABF4A242FAFE74800AD367D /* AddEditRecipeView.swift .swift */ = {isa = PBXFileReference; lastKnownFileType = sourcecode.swift; path = "AddEditRecipeView.swift .swift"; sourceTree = "<group>"; };
		5ABF4A262FAFE75D00AD367D /* CookingModeView.swift .swift */ = {isa = PBXFileReference; lastKnownFileType = sourcecode.swift; path = "CookingModeView.swift .swift"; sourceTree = "<group>"; };
		5ABF4A282FAFE77500AD367D /* IngredientScalingHelper.swift */ = {isa = PBXFileReference; lastKnownFileType = sourcecode.swift; path = IngredientScalingHelper.swift; sourceTree = "<group>"; };
		5ABF4A2A2FAFE78800AD367D /* SampleRecipes.swift */ = {isa = PBXFileReference; lastKnownFileType = sourcecode.swift; path = SampleRecipes.swift; sourceTree = "<group>"; };
		5ABF4A402FB0931E00AD367D /* RecipeClipShareExtension.appex */ = {isa = PBXFileReference; explicitFileType = "wrapper.app-extension"; includeInIndex = 0; path = RecipeClipShareExtension.appex; sourceTree = BUILT_PRODUCTS_DIR; };
/* End PBXFileReference section */

/* Begin PBXFileSystemSynchronizedBuildFileExceptionSet section */
		5ABF4A2D2FAFF21B00AD367D /* Exceptions for "RecipeClip" folder in "RecipeClip" target */ = {
			isa = PBXFileSystemSynchronizedBuildFileExceptionSet;
			membershipExceptions = (
				Info.plist,
			);
			target = 5ABF49EB2FAFDF1800AD367D /* RecipeClip */;
		};
		5ABF4A4F2FB0931E00AD367D /* Exceptions for "RecipeClipShareExtension" folder in "RecipeClipShareExtension" target */ = {
			isa = PBXFileSystemSynchronizedBuildFileExceptionSet;
			membershipExceptions = (
				Info.plist,
			);
			target = 5ABF4A3F2FB0931E00AD367D /* RecipeClipShareExtension */;
		};
/* End PBXFileSystemSynchronizedBuildFileExceptionSet section */

/* Begin PBXFileSystemSynchronizedRootGroup section */
		5ABF49EE2FAFDF1800AD367D /* RecipeClip */ = {
			isa = PBXFileSystemSynchronizedRootGroup;
			exceptions = (
				5ABF4A2D2FAFF21B00AD367D /* Exceptions for "RecipeClip" folder in "RecipeClip" target */,
			);
			path = RecipeClip;
			sourceTree = "<group>";
		};
		5ABF49FE2FAFDF1B00AD367D /* RecipeClipTests */ = {
			isa = PBXFileSystemSynchronizedRootGroup;
			path = RecipeClipTests;
			sourceTree = "<group>";
		};
		5ABF4A082FAFDF1B00AD367D /* RecipeClipUITests */ = {
			isa = PBXFileSystemSynchronizedRootGroup;
			path = RecipeClipUITests;
			sourceTree = "<group>";
		};
		5ABF4A412FB0931E00AD367D /* RecipeClipShareExtension */ = {
			isa = PBXFileSystemSynchronizedRootGroup;
			exceptions = (
				5ABF4A4F2FB0931E00AD367D /* Exceptions for "RecipeClipShareExtension" folder in "RecipeClipShareExtension" target */,
			);
			path = RecipeClipShareExtension;
			sourceTree = "<group>";
		};
/* End PBXFileSystemSynchronizedRootGroup section */

/* Begin PBXFrameworksBuildPhase section */
		5ABF49E92FAFDF1800AD367D /* Frameworks */ = {
			isa = PBXFrameworksBuildPhase;
			buildActionMask = 2147483647;
			files = (
			);
			runOnlyForDeploymentPostprocessing = 0;
		};
		5ABF49F82FAFDF1B00AD367D /* Frameworks */ = {
			isa = PBXFrameworksBuildPhase;
			buildActionMask = 2147483647;
			files = (
			);
			runOnlyForDeploymentPostprocessing = 0;
		};
		5ABF4A022FAFDF1B00AD367D /* Frameworks */ = {
			isa = PBXFrameworksBuildPhase;
			buildActionMask = 2147483647;
			files = (
			);
			runOnlyForDeploymentPostprocessing = 0;
		};
		5ABF4A3D2FB0931E00AD367D /* Frameworks */ = {
			isa = PBXFrameworksBuildPhase;
			buildActionMask = 2147483647;
			files = (
			);
			runOnlyForDeploymentPostprocessing = 0;
		};
/* End PBXFrameworksBuildPhase section */

/* Begin PBXGroup section */
		5ABF49E32FAFDF1800AD367D = {
			isa = PBXGroup;
			children = (
				5ABF4A282FAFE77500AD367D /* IngredientScalingHelper.swift */,
				5ABF4A2A2FAFE78800AD367D /* SampleRecipes.swift */,
				5ABF4A262FAFE75D00AD367D /* CookingModeView.swift .swift */,
				5ABF4A242FAFE74800AD367D /* AddEditRecipeView.swift .swift */,
				5ABF4A222FAFE72E00AD367D /* RecipeDetailView.swift */,
				5ABF4A202FAFE71900AD367D /* RecipeReviewView.swift */,
				5ABF4A1E2FAFE6FF00AD367D /* ImportRecipeView.swift */,
				5ABF4A182FAFE69700AD367D /* Recipe.swift */,
				5ABF4A1C2FAFE6E100AD367D /* RecipeAPIService.swift */,
				5ABF4A1A2FAFE6C400AD367D /* RecipeDraft.swift */,
				5ABF49EE2FAFDF1800AD367D /* RecipeClip */,
				5ABF49FE2FAFDF1B00AD367D /* RecipeClipTests */,
				5ABF4A082FAFDF1B00AD367D /* RecipeClipUITests */,
				5ABF4A412FB0931E00AD367D /* RecipeClipShareExtension */,
				5ABF49ED2FAFDF1800AD367D /* Products */,
			);
			sourceTree = "<group>";
		};
		5ABF49ED2FAFDF1800AD367D /* Products */ = {
			isa = PBXGroup;
			children = (
				5ABF49EC2FAFDF1800AD367D /* RecipeClip.app */,
				5ABF49FB2FAFDF1B00AD367D /* RecipeClipTests.xctest */,
				5ABF4A052FAFDF1B00AD367D /* RecipeClipUITests.xctest */,
				5ABF4A402FB0931E00AD367D /* RecipeClipShareExtension.appex */,
			);
			name = Products;
			sourceTree = "<group>";
		};
/* End PBXGroup section */

/* Begin PBXNativeTarget section */
		5ABF49EB2FAFDF1800AD367D /* RecipeClip */ = {
			isa = PBXNativeTarget;
			buildConfigurationList = 5ABF4A0F2FAFDF1B00AD367D /* Build configuration list for PBXNativeTarget "RecipeClip" */;
			buildPhases = (
				5ABF49E82FAFDF1800AD367D /* Sources */,
				5ABF49E92FAFDF1800AD367D /* Frameworks */,
				5ABF49EA2FAFDF1800AD367D /* Resources */,
				5ABF4A4B2FB0931E00AD367D /* Embed Foundation Extensions */,
			);
			buildRules = (
			);
			dependencies = (
				5ABF4A492FB0931E00AD367D /* PBXTargetDependency */,
			);
			fileSystemSynchronizedGroups = (
				5ABF49EE2FAFDF1800AD367D /* RecipeClip */,
			);
			name = RecipeClip;
			packageProductDependencies = (
			);
			productName = RecipeClip;
			productReference = 5ABF49EC2FAFDF1800AD367D /* RecipeClip.app */;
			productType = "com.apple.product-type.application";
		};
		5ABF49FA2FAFDF1B00AD367D /* RecipeClipTests */ = {
			isa = PBXNativeTarget;
			buildConfigurationList = 5ABF4A122FAFDF1B00AD367D /* Build configuration list for PBXNativeTarget "RecipeClipTests" */;
			buildPhases = (
				5ABF49F72FAFDF1B00AD367D /* Sources */,
				5ABF49F82FAFDF1B00AD367D /* Frameworks */,
				5ABF49F92FAFDF1B00AD367D /* Resources */,
			);
			buildRules = (
			);
			dependencies = (
				5ABF49FD2FAFDF1B00AD367D /* PBXTargetDependency */,
			);
			fileSystemSynchronizedGroups = (
				5ABF49FE2FAFDF1B00AD367D /* RecipeClipTests */,
			);
			name = RecipeClipTests;
			packageProductDependencies = (
			);
			productName = RecipeClipTests;
			productReference = 5ABF49FB2FAFDF1B00AD367D /* RecipeClipTests.xctest */;
			productType = "com.apple.product-type.bundle.unit-test";
		};
		5ABF4A042FAFDF1B00AD367D /* RecipeClipUITests */ = {
			isa = PBXNativeTarget;
			buildConfigurationList = 5ABF4A152FAFDF1B00AD367D /* Build configuration list for PBXNativeTarget "RecipeClipUITests" */;
			buildPhases = (
				5ABF4A012FAFDF1B00AD367D /* Sources */,
				5ABF4A022FAFDF1B00AD367D /* Frameworks */,
				5ABF4A032FAFDF1B00AD367D /* Resources */,
			);
			buildRules = (
			);
			dependencies = (
				5ABF4A072FAFDF1B00AD367D /* PBXTargetDependency */,
			);
			fileSystemSynchronizedGroups = (
				5ABF4A082FAFDF1B00AD367D /* RecipeClipUITests */,
			);
			name = RecipeClipUITests;
			packageProductDependencies = (
			);
			productName = RecipeClipUITests;
			productReference = 5ABF4A052FAFDF1B00AD367D /* RecipeClipUITests.xctest */;
			productType = "com.apple.product-type.bundle.ui-testing";
		};
		5ABF4A3F2FB0931E00AD367D /* RecipeClipShareExtension */ = {
			isa = PBXNativeTarget;
			buildConfigurationList = 5ABF4A4E2FB0931E00AD367D /* Build configuration list for PBXNativeTarget "RecipeClipShareExtension" */;
			buildPhases = (
				5ABF4A3C2FB0931E00AD367D /* Sources */,
				5ABF4A3D2FB0931E00AD367D /* Frameworks */,
				5ABF4A3E2FB0931E00AD367D /* Resources */,
			);
			buildRules = (
			);
			dependencies = (
			);
			fileSystemSynchronizedGroups = (
				5ABF4A412FB0931E00AD367D /* RecipeClipShareExtension */,
			);
			name = RecipeClipShareExtension;
			packageProductDependencies = (
			);
			productName = RecipeClipShareExtension;
			productReference = 5ABF4A402FB0931E00AD367D /* RecipeClipShareExtension.appex */;
			productType = "com.apple.product-type.app-extension";
		};
/* End PBXNativeTarget section */

/* Begin PBXProject section */
		5ABF49E42FAFDF1800AD367D /* Project object */ = {
			isa = PBXProject;
			attributes = {
				BuildIndependentTargetsInParallel = 1;
				LastSwiftUpdateCheck = 2610;
				LastUpgradeCheck = 2610;
				TargetAttributes = {
					5ABF49EB2FAFDF1800AD367D = {
						CreatedOnToolsVersion = 26.1.1;
					};
					5ABF49FA2FAFDF1B00AD367D = {
						CreatedOnToolsVersion = 26.1.1;
						TestTargetID = 5ABF49EB2FAFDF1800AD367D;
					};
					5ABF4A042FAFDF1B00AD367D = {
						CreatedOnToolsVersion = 26.1.1;
						TestTargetID = 5ABF49EB2FAFDF1800AD367D;
					};
					5ABF4A3F2FB0931E00AD367D = {
						CreatedOnToolsVersion = 26.1.1;
					};
				};
			};
			buildConfigurationList = 5ABF49E72FAFDF1800AD367D /* Build configuration list for PBXProject "RecipeClip" */;
			developmentRegion = en;
			hasScannedForEncodings = 0;
			knownRegions = (
				en,
				Base,
			);
			mainGroup = 5ABF49E32FAFDF1800AD367D;
			minimizedProjectReferenceProxies = 1;
			preferredProjectObjectVersion = 77;
			productRefGroup = 5ABF49ED2FAFDF1800AD367D /* Products */;
			projectDirPath = "";
			projectRoot = "";
			targets = (
				5ABF49EB2FAFDF1800AD367D /* RecipeClip */,
				5ABF49FA2FAFDF1B00AD367D /* RecipeClipTests */,
				5ABF4A042FAFDF1B00AD367D /* RecipeClipUITests */,
				5ABF4A3F2FB0931E00AD367D /* RecipeClipShareExtension */,
			);
		};
/* End PBXProject section */

/* Begin PBXResourcesBuildPhase section */
		5ABF49EA2FAFDF1800AD367D /* Resources */ = {
			isa = PBXResourcesBuildPhase;
			buildActionMask = 2147483647;
			files = (
			);
			runOnlyForDeploymentPostprocessing = 0;
		};
		5ABF49F92FAFDF1B00AD367D /* Resources */ = {
			isa = PBXResourcesBuildPhase;
			buildActionMask = 2147483647;
			files = (
			);
			runOnlyForDeploymentPostprocessing = 0;
		};
		5ABF4A032FAFDF1B00AD367D /* Resources */ = {
			isa = PBXResourcesBuildPhase;
			buildActionMask = 2147483647;
			files = (
			);
			runOnlyForDeploymentPostprocessing = 0;
		};
		5ABF4A3E2FB0931E00AD367D /* Resources */ = {
			isa = PBXResourcesBuildPhase;
			buildActionMask = 2147483647;
			files = (
			);
			runOnlyForDeploymentPostprocessing = 0;
		};
/* End PBXResourcesBuildPhase section */

/* Begin PBXSourcesBuildPhase section */
		5ABF49E82FAFDF1800AD367D /* Sources */ = {
			isa = PBXSourcesBuildPhase;
			buildActionMask = 2147483647;
			files = (
				5ABF4A252FAFE74800AD367D /* AddEditRecipeView.swift .swift in Sources */,
				5ABF4A192FAFE69700AD367D /* Recipe.swift in Sources */,
				5ABF4A212FAFE71900AD367D /* RecipeReviewView.swift in Sources */,
				5ABF4A1F2FAFE6FF00AD367D /* ImportRecipeView.swift in Sources */,
				5ABF4A272FAFE75D00AD367D /* CookingModeView.swift .swift in Sources */,
				5ABF4A1B2FAFE6C400AD367D /* RecipeDraft.swift in Sources */,
				5ABF4A2B2FAFE78800AD367D /* SampleRecipes.swift in Sources */,
				5ABF4A1D2FAFE6E100AD367D /* RecipeAPIService.swift in Sources */,
				5ABF4A292FAFE77500AD367D /* IngredientScalingHelper.swift in Sources */,
				5ABF4A232FAFE72E00AD367D /* RecipeDetailView.swift in Sources */,
			);
			runOnlyForDeploymentPostprocessing = 0;
		};
		5ABF49F72FAFDF1B00AD367D /* Sources */ = {
			isa = PBXSourcesBuildPhase;
			buildActionMask = 2147483647;
			files = (
			);
			runOnlyForDeploymentPostprocessing = 0;
		};
		5ABF4A012FAFDF1B00AD367D /* Sources */ = {
			isa = PBXSourcesBuildPhase;
			buildActionMask = 2147483647;
			files = (
			);
			runOnlyForDeploymentPostprocessing = 0;
		};
		5ABF4A3C2FB0931E00AD367D /* Sources */ = {
			isa = PBXSourcesBuildPhase;
			buildActionMask = 2147483647;
			files = (
			);
			runOnlyForDeploymentPostprocessing = 0;
		};
/* End PBXSourcesBuildPhase section */

/* Begin PBXTargetDependency section */
		5ABF49FD2FAFDF1B00AD367D /* PBXTargetDependency */ = {
			isa = PBXTargetDependency;
			target = 5ABF49EB2FAFDF1800AD367D /* RecipeClip */;
			targetProxy = 5ABF49FC2FAFDF1B00AD367D /* PBXContainerItemProxy */;
		};
		5ABF4A072FAFDF1B00AD367D /* PBXTargetDependency */ = {
			isa = PBXTargetDependency;
			target = 5ABF49EB2FAFDF1800AD367D /* RecipeClip */;
			targetProxy = 5ABF4A062FAFDF1B00AD367D /* PBXContainerItemProxy */;
		};
		5ABF4A492FB0931E00AD367D /* PBXTargetDependency */ = {
			isa = PBXTargetDependency;
			target = 5ABF4A3F2FB0931E00AD367D /* RecipeClipShareExtension */;
			targetProxy = 5ABF4A482FB0931E00AD367D /* PBXContainerItemProxy */;
		};
/* End PBXTargetDependency section */

/* Begin XCBuildConfiguration section */
		5ABF4A0D2FAFDF1B00AD367D /* Debug */ = {
			isa = XCBuildConfiguration;
			buildSettings = {
				ALWAYS_SEARCH_USER_PATHS = NO;
				ASSETCATALOG_COMPILER_GENERATE_SWIFT_ASSET_SYMBOL_EXTENSIONS = YES;
				CLANG_ANALYZER_NONNULL = YES;
				CLANG_ANALYZER_NUMBER_OBJECT_CONVERSION = YES_AGGRESSIVE;
				CLANG_CXX_LANGUAGE_STANDARD = "gnu++20";
				CLANG_ENABLE_MODULES = YES;
				CLANG_ENABLE_OBJC_ARC = YES;
				CLANG_ENABLE_OBJC_WEAK = YES;
				CLANG_WARN_BLOCK_CAPTURE_AUTORELEASING = YES;
				CLANG_WARN_BOOL_CONVERSION = YES;
				CLANG_WARN_COMMA = YES;
				CLANG_WARN_CONSTANT_CONVERSION = YES;
				CLANG_WARN_DEPRECATED_OBJC_IMPLEMENTATIONS = YES;
				CLANG_WARN_DIRECT_OBJC_ISA_USAGE = YES_ERROR;
				CLANG_WARN_DOCUMENTATION_COMMENTS = YES;
				CLANG_WARN_EMPTY_BODY = YES;
				CLANG_WARN_ENUM_CONVERSION = YES;
				CLANG_WARN_INFINITE_RECURSION = YES;
				CLANG_WARN_INT_CONVERSION = YES;
				CLANG_WARN_NON_LITERAL_NULL_CONVERSION = YES;
				CLANG_WARN_OBJC_IMPLICIT_RETAIN_SELF = YES;
				CLANG_WARN_OBJC_LITERAL_CONVERSION = YES;
				CLANG_WARN_OBJC_ROOT_CLASS = YES_ERROR;
				CLANG_WARN_QUOTED_INCLUDE_IN_FRAMEWORK_HEADER = YES;
				CLANG_WARN_RANGE_LOOP_ANALYSIS = YES;
				CLANG_WARN_STRICT_PROTOTYPES = YES;
				CLANG_WARN_SUSPICIOUS_MOVE = YES;
				CLANG_WARN_UNGUARDED_AVAILABILITY = YES_AGGRESSIVE;
				CLANG_WARN_UNREACHABLE_CODE = YES;
				CLANG_WARN__DUPLICATE_METHOD_MATCH = YES;
				COPY_PHASE_STRIP = NO;
				DEBUG_INFORMATION_FORMAT = dwarf;
				DEVELOPMENT_TEAM = 9M2T6927WB;
				ENABLE_STRICT_OBJC_MSGSEND = YES;
				ENABLE_TESTABILITY = YES;
				ENABLE_USER_SCRIPT_SANDBOXING = YES;
				GCC_C_LANGUAGE_STANDARD = gnu17;
				GCC_DYNAMIC_NO_PIC = NO;
				GCC_NO_COMMON_BLOCKS = YES;
				GCC_OPTIMIZATION_LEVEL = 0;
				GCC_PREPROCESSOR_DEFINITIONS = (
					"DEBUG=1",
					"$(inherited)",
				);
				GCC_WARN_64_TO_32_BIT_CONVERSION = YES;
				GCC_WARN_ABOUT_RETURN_TYPE = YES_ERROR;
				GCC_WARN_UNDECLARED_SELECTOR = YES;
				GCC_WARN_UNINITIALIZED_AUTOS = YES_AGGRESSIVE;
				GCC_WARN_UNUSED_FUNCTION = YES;
				GCC_WARN_UNUSED_VARIABLE = YES;
				LOCALIZATION_PREFERS_STRING_CATALOGS = YES;
				MTL_ENABLE_DEBUG_INFO = INCLUDE_SOURCE;
				MTL_FAST_MATH = YES;
				ONLY_ACTIVE_ARCH = YES;
				SWIFT_ACTIVE_COMPILATION_CONDITIONS = "DEBUG $(inherited)";
				SWIFT_OPTIMIZATION_LEVEL = "-Onone";
			};
			name = Debug;
		};
		5ABF4A0E2FAFDF1B00AD367D /* Release */ = {
			isa = XCBuildConfiguration;
			buildSettings = {
				ALWAYS_SEARCH_USER_PATHS = NO;
				ASSETCATALOG_COMPILER_GENERATE_SWIFT_ASSET_SYMBOL_EXTENSIONS = YES;
				CLANG_ANALYZER_NONNULL = YES;
				CLANG_ANALYZER_NUMBER_OBJECT_CONVERSION = YES_AGGRESSIVE;
				CLANG_CXX_LANGUAGE_STANDARD = "gnu++20";
				CLANG_ENABLE_MODULES = YES;
				CLANG_ENABLE_OBJC_ARC = YES;
				CLANG_ENABLE_OBJC_WEAK = YES;
				CLANG_WARN_BLOCK_CAPTURE_AUTORELEASING = YES;
				CLANG_WARN_BOOL_CONVERSION = YES;
				CLANG_WARN_COMMA = YES;
				CLANG_WARN_CONSTANT_CONVERSION = YES;
				CLANG_WARN_DEPRECATED_OBJC_IMPLEMENTATIONS = YES;
				CLANG_WARN_DIRECT_OBJC_ISA_USAGE = YES_ERROR;
				CLANG_WARN_DOCUMENTATION_COMMENTS = YES;
				CLANG_WARN_EMPTY_BODY = YES;
				CLANG_WARN_ENUM_CONVERSION = YES;
				CLANG_WARN_INFINITE_RECURSION = YES;
				CLANG_WARN_INT_CONVERSION = YES;
				CLANG_WARN_NON_LITERAL_NULL_CONVERSION = YES;
				CLANG_WARN_OBJC_IMPLICIT_RETAIN_SELF = YES;
				CLANG_WARN_OBJC_LITERAL_CONVERSION = YES;
				CLANG_WARN_OBJC_ROOT_CLASS = YES_ERROR;
				CLANG_WARN_QUOTED_INCLUDE_IN_FRAMEWORK_HEADER = YES;
				CLANG_WARN_RANGE_LOOP_ANALYSIS = YES;
				CLANG_WARN_STRICT_PROTOTYPES = YES;
				CLANG_WARN_SUSPICIOUS_MOVE = YES;
				CLANG_WARN_UNGUARDED_AVAILABILITY = YES_AGGRESSIVE;
				CLANG_WARN_UNREACHABLE_CODE = YES;
				CLANG_WARN__DUPLICATE_METHOD_MATCH = YES;
				COPY_PHASE_STRIP = NO;
				DEBUG_INFORMATION_FORMAT = "dwarf-with-dsym";
				DEVELOPMENT_TEAM = 9M2T6927WB;
				ENABLE_NS_ASSERTIONS = NO;
				ENABLE_STRICT_OBJC_MSGSEND = YES;
				ENABLE_USER_SCRIPT_SANDBOXING = YES;
				GCC_C_LANGUAGE_STANDARD = gnu17;
				GCC_NO_COMMON_BLOCKS = YES;
				GCC_WARN_64_TO_32_BIT_CONVERSION = YES;
				GCC_WARN_ABOUT_RETURN_TYPE = YES_ERROR;
				GCC_WARN_UNDECLARED_SELECTOR = YES;
				GCC_WARN_UNINITIALIZED_AUTOS = YES_AGGRESSIVE;
				GCC_WARN_UNUSED_FUNCTION = YES;
				GCC_WARN_UNUSED_VARIABLE = YES;
				LOCALIZATION_PREFERS_STRING_CATALOGS = YES;
				MTL_ENABLE_DEBUG_INFO = NO;
				MTL_FAST_MATH = YES;
				SWIFT_COMPILATION_MODE = wholemodule;
			};
			name = Release;
		};
		5ABF4A102FAFDF1B00AD367D /* Debug */ = {
			isa = XCBuildConfiguration;
			buildSettings = {
				ASSETCATALOG_COMPILER_APPICON_NAME = AppIcon;
				ASSETCATALOG_COMPILER_GLOBAL_ACCENT_COLOR_NAME = AccentColor;
				CODE_SIGN_ENTITLEMENTS = RecipeClip/RecipeClip.entitlements;
				CODE_SIGN_STYLE = Automatic;
				CURRENT_PROJECT_VERSION = 1;
				DEVELOPMENT_TEAM = AFY5UB59F7;
				ENABLE_APP_SANDBOX = YES;
				ENABLE_HARDENED_RUNTIME = YES;
				ENABLE_PREVIEWS = YES;
				ENABLE_USER_SELECTED_FILES = readonly;
				GENERATE_INFOPLIST_FILE = YES;
				INFOPLIST_FILE = RecipeClip/Info.plist;
				"INFOPLIST_KEY_UIApplicationSceneManifest_Generation[sdk=iphoneos*]" = YES;
				"INFOPLIST_KEY_UIApplicationSceneManifest_Generation[sdk=iphonesimulator*]" = YES;
				"INFOPLIST_KEY_UIApplicationSupportsIndirectInputEvents[sdk=iphoneos*]" = YES;
				"INFOPLIST_KEY_UIApplicationSupportsIndirectInputEvents[sdk=iphonesimulator*]" = YES;
				"INFOPLIST_KEY_UILaunchScreen_Generation[sdk=iphoneos*]" = YES;
				"INFOPLIST_KEY_UILaunchScreen_Generation[sdk=iphonesimulator*]" = YES;
				"INFOPLIST_KEY_UIStatusBarStyle[sdk=iphoneos*]" = UIStatusBarStyleDefault;
				"INFOPLIST_KEY_UIStatusBarStyle[sdk=iphonesimulator*]" = UIStatusBarStyleDefault;
				INFOPLIST_KEY_UISupportedInterfaceOrientations_iPad = "UIInterfaceOrientationPortrait UIInterfaceOrientationPortraitUpsideDown UIInterfaceOrientationLandscapeLeft UIInterfaceOrientationLandscapeRight";
				INFOPLIST_KEY_UISupportedInterfaceOrientations_iPhone = "UIInterfaceOrientationPortrait UIInterfaceOrientationLandscapeLeft UIInterfaceOrientationLandscapeRight";
				IPHONEOS_DEPLOYMENT_TARGET = 26.1;
				LD_RUNPATH_SEARCH_PATHS = "@executable_path/Frameworks";
				"LD_RUNPATH_SEARCH_PATHS[sdk=macosx*]" = "@executable_path/../Frameworks";
				MACOSX_DEPLOYMENT_TARGET = 26.1;
				MARKETING_VERSION = 1.0;
				PRODUCT_BUNDLE_IDENTIFIER = com.onolee.RecipeClip;
				PRODUCT_NAME = "$(TARGET_NAME)";
				REGISTER_APP_GROUPS = YES;
				SDKROOT = auto;
				STRING_CATALOG_GENERATE_SYMBOLS = YES;
				SUPPORTED_PLATFORMS = "iphoneos iphonesimulator macosx xros xrsimulator";
				SWIFT_APPROACHABLE_CONCURRENCY = YES;
				SWIFT_DEFAULT_ACTOR_ISOLATION = MainActor;
				SWIFT_EMIT_LOC_STRINGS = YES;
				SWIFT_UPCOMING_FEATURE_MEMBER_IMPORT_VISIBILITY = YES;
				SWIFT_VERSION = 5.0;
				TARGETED_DEVICE_FAMILY = "1,2,7";
				XROS_DEPLOYMENT_TARGET = 26.1;
			};
			name = Debug;
		};
		5ABF4A112FAFDF1B00AD367D /* Release */ = {
			isa = XCBuildConfiguration;
			buildSettings = {
				ASSETCATALOG_COMPILER_APPICON_NAME = AppIcon;
				ASSETCATALOG_COMPILER_GLOBAL_ACCENT_COLOR_NAME = AccentColor;
				CODE_SIGN_ENTITLEMENTS = RecipeClip/RecipeClip.entitlements;
				CODE_SIGN_STYLE = Automatic;
				CURRENT_PROJECT_VERSION = 1;
				DEVELOPMENT_TEAM = AFY5UB59F7;
				ENABLE_APP_SANDBOX = YES;
				ENABLE_HARDENED_RUNTIME = YES;
				ENABLE_PREVIEWS = YES;
				ENABLE_USER_SELECTED_FILES = readonly;
				GENERATE_INFOPLIST_FILE = YES;
				INFOPLIST_FILE = RecipeClip/Info.plist;
				"INFOPLIST_KEY_UIApplicationSceneManifest_Generation[sdk=iphoneos*]" = YES;
				"INFOPLIST_KEY_UIApplicationSceneManifest_Generation[sdk=iphonesimulator*]" = YES;
				"INFOPLIST_KEY_UIApplicationSupportsIndirectInputEvents[sdk=iphoneos*]" = YES;
				"INFOPLIST_KEY_UIApplicationSupportsIndirectInputEvents[sdk=iphonesimulator*]" = YES;
				"INFOPLIST_KEY_UILaunchScreen_Generation[sdk=iphoneos*]" = YES;
				"INFOPLIST_KEY_UILaunchScreen_Generation[sdk=iphonesimulator*]" = YES;
				"INFOPLIST_KEY_UIStatusBarStyle[sdk=iphoneos*]" = UIStatusBarStyleDefault;
				"INFOPLIST_KEY_UIStatusBarStyle[sdk=iphonesimulator*]" = UIStatusBarStyleDefault;
				INFOPLIST_KEY_UISupportedInterfaceOrientations_iPad = "UIInterfaceOrientationPortrait UIInterfaceOrientationPortraitUpsideDown UIInterfaceOrientationLandscapeLeft UIInterfaceOrientationLandscapeRight";
				INFOPLIST_KEY_UISupportedInterfaceOrientations_iPhone = "UIInterfaceOrientationPortrait UIInterfaceOrientationLandscapeLeft UIInterfaceOrientationLandscapeRight";
				IPHONEOS_DEPLOYMENT_TARGET = 26.1;
				LD_RUNPATH_SEARCH_PATHS = "@executable_path/Frameworks";
				"LD_RUNPATH_SEARCH_PATHS[sdk=macosx*]" = "@executable_path/../Frameworks";
				MACOSX_DEPLOYMENT_TARGET = 26.1;
				MARKETING_VERSION = 1.0;
				PRODUCT_BUNDLE_IDENTIFIER = com.onolee.RecipeClip;
				PRODUCT_NAME = "$(TARGET_NAME)";
				REGISTER_APP_GROUPS = YES;
				SDKROOT = auto;
				STRING_CATALOG_GENERATE_SYMBOLS = YES;
				SUPPORTED_PLATFORMS = "iphoneos iphonesimulator macosx xros xrsimulator";
				SWIFT_APPROACHABLE_CONCURRENCY = YES;
				SWIFT_DEFAULT_ACTOR_ISOLATION = MainActor;
				SWIFT_EMIT_LOC_STRINGS = YES;
				SWIFT_UPCOMING_FEATURE_MEMBER_IMPORT_VISIBILITY = YES;
				SWIFT_VERSION = 5.0;
				TARGETED_DEVICE_FAMILY = "1,2,7";
				XROS_DEPLOYMENT_TARGET = 26.1;
			};
			name = Release;
		};
		5ABF4A132FAFDF1B00AD367D /* Debug */ = {
			isa = XCBuildConfiguration;
			buildSettings = {
				BUNDLE_LOADER = "$(TEST_HOST)";
				CODE_SIGN_STYLE = Automatic;
				CURRENT_PROJECT_VERSION = 1;
				DEVELOPMENT_TEAM = 9M2T6927WB;
				GENERATE_INFOPLIST_FILE = YES;
				IPHONEOS_DEPLOYMENT_TARGET = 26.1;
				MACOSX_DEPLOYMENT_TARGET = 26.1;
				MARKETING_VERSION = 1.0;
				PRODUCT_BUNDLE_IDENTIFIER = OnoLee.RecipeClipTests;
				PRODUCT_NAME = "$(TARGET_NAME)";
				SDKROOT = auto;
				STRING_CATALOG_GENERATE_SYMBOLS = NO;
				SUPPORTED_PLATFORMS = "iphoneos iphonesimulator macosx xros xrsimulator";
				SWIFT_APPROACHABLE_CONCURRENCY = YES;
				SWIFT_EMIT_LOC_STRINGS = NO;
				SWIFT_UPCOMING_FEATURE_MEMBER_IMPORT_VISIBILITY = YES;
				SWIFT_VERSION = 5.0;
				TARGETED_DEVICE_FAMILY = "1,2,7";
				TEST_HOST = "$(BUILT_PRODUCTS_DIR)/RecipeClip.app/$(BUNDLE_EXECUTABLE_FOLDER_PATH)/RecipeClip";
				XROS_DEPLOYMENT_TARGET = 26.1;
			};
			name = Debug;
		};
		5ABF4A142FAFDF1B00AD367D /* Release */ = {
			isa = XCBuildConfiguration;
			buildSettings = {
				BUNDLE_LOADER = "$(TEST_HOST)";
				CODE_SIGN_STYLE = Automatic;
				CURRENT_PROJECT_VERSION = 1;
				DEVELOPMENT_TEAM = 9M2T6927WB;
				GENERATE_INFOPLIST_FILE = YES;
				IPHONEOS_DEPLOYMENT_TARGET = 26.1;
				MACOSX_DEPLOYMENT_TARGET = 26.1;
				MARKETING_VERSION = 1.0;
				PRODUCT_BUNDLE_IDENTIFIER = OnoLee.RecipeClipTests;
				PRODUCT_NAME = "$(TARGET_NAME)";
				SDKROOT = auto;
				STRING_CATALOG_GENERATE_SYMBOLS = NO;
				SUPPORTED_PLATFORMS = "iphoneos iphonesimulator macosx xros xrsimulator";
				SWIFT_APPROACHABLE_CONCURRENCY = YES;
				SWIFT_EMIT_LOC_STRINGS = NO;
				SWIFT_UPCOMING_FEATURE_MEMBER_IMPORT_VISIBILITY = YES;
				SWIFT_VERSION = 5.0;
				TARGETED_DEVICE_FAMILY = "1,2,7";
				TEST_HOST = "$(BUILT_PRODUCTS_DIR)/RecipeClip.app/$(BUNDLE_EXECUTABLE_FOLDER_PATH)/RecipeClip";
				XROS_DEPLOYMENT_TARGET = 26.1;
			};
			name = Release;
		};
		5ABF4A162FAFDF1B00AD367D /* Debug */ = {
			isa = XCBuildConfiguration;
			buildSettings = {
				CODE_SIGN_STYLE = Automatic;
				CURRENT_PROJECT_VERSION = 1;
				DEVELOPMENT_TEAM = 9M2T6927WB;
				GENERATE_INFOPLIST_FILE = YES;
				IPHONEOS_DEPLOYMENT_TARGET = 26.1;
				MACOSX_DEPLOYMENT_TARGET = 26.1;
				MARKETING_VERSION = 1.0;
				PRODUCT_BUNDLE_IDENTIFIER = OnoLee.RecipeClipUITests;
				PRODUCT_NAME = "$(TARGET_NAME)";
				SDKROOT = auto;
				STRING_CATALOG_GENERATE_SYMBOLS = NO;
				SUPPORTED_PLATFORMS = "iphoneos iphonesimulator macosx xros xrsimulator";
				SWIFT_APPROACHABLE_CONCURRENCY = YES;
				SWIFT_EMIT_LOC_STRINGS = NO;
				SWIFT_UPCOMING_FEATURE_MEMBER_IMPORT_VISIBILITY = YES;
				SWIFT_VERSION = 5.0;
				TARGETED_DEVICE_FAMILY = "1,2,7";
				TEST_TARGET_NAME = RecipeClip;
				XROS_DEPLOYMENT_TARGET = 26.1;
			};
			name = Debug;
		};
		5ABF4A172FAFDF1B00AD367D /* Release */ = {
			isa = XCBuildConfiguration;
			buildSettings = {
				CODE_SIGN_STYLE = Automatic;
				CURRENT_PROJECT_VERSION = 1;
				DEVELOPMENT_TEAM = 9M2T6927WB;
				GENERATE_INFOPLIST_FILE = YES;
				IPHONEOS_DEPLOYMENT_TARGET = 26.1;
				MACOSX_DEPLOYMENT_TARGET = 26.1;
				MARKETING_VERSION = 1.0;
				PRODUCT_BUNDLE_IDENTIFIER = OnoLee.RecipeClipUITests;
				PRODUCT_NAME = "$(TARGET_NAME)";
				SDKROOT = auto;
				STRING_CATALOG_GENERATE_SYMBOLS = NO;
				SUPPORTED_PLATFORMS = "iphoneos iphonesimulator macosx xros xrsimulator";
				SWIFT_APPROACHABLE_CONCURRENCY = YES;
				SWIFT_EMIT_LOC_STRINGS = NO;
				SWIFT_UPCOMING_FEATURE_MEMBER_IMPORT_VISIBILITY = YES;
				SWIFT_VERSION = 5.0;
				TARGETED_DEVICE_FAMILY = "1,2,7";
				TEST_TARGET_NAME = RecipeClip;
				XROS_DEPLOYMENT_TARGET = 26.1;
			};
			name = Release;
		};
		5ABF4A4C2FB0931E00AD367D /* Debug */ = {
			isa = XCBuildConfiguration;
			buildSettings = {
				CODE_SIGN_ENTITLEMENTS = RecipeClipShareExtension/RecipeClipShareExtension.entitlements;
				CODE_SIGN_STYLE = Automatic;
				CURRENT_PROJECT_VERSION = 1;
				DEVELOPMENT_TEAM = AFY5UB59F7;
				GENERATE_INFOPLIST_FILE = YES;
				INFOPLIST_FILE = RecipeClipShareExtension/Info.plist;
				INFOPLIST_KEY_CFBundleDisplayName = RecipeClipShareExtension;
				INFOPLIST_KEY_NSHumanReadableCopyright = "";
				IPHONEOS_DEPLOYMENT_TARGET = 26.1;
				LD_RUNPATH_SEARCH_PATHS = (
					"$(inherited)",
					"@executable_path/Frameworks",
					"@executable_path/../../Frameworks",
				);
				MARKETING_VERSION = 1.0;
				PRODUCT_BUNDLE_IDENTIFIER = com.onolee.RecipeClip.RecipeClipShareExtension;
				PRODUCT_NAME = "$(TARGET_NAME)";
				SDKROOT = iphoneos;
				SKIP_INSTALL = YES;
				STRING_CATALOG_GENERATE_SYMBOLS = YES;
				SWIFT_APPROACHABLE_CONCURRENCY = YES;
				SWIFT_EMIT_LOC_STRINGS = YES;
				SWIFT_UPCOMING_FEATURE_MEMBER_IMPORT_VISIBILITY = YES;
				SWIFT_VERSION = 5.0;
				TARGETED_DEVICE_FAMILY = "1,2";
			};
			name = Debug;
		};
		5ABF4A4D2FB0931E00AD367D /* Release */ = {
			isa = XCBuildConfiguration;
			buildSettings = {
				CODE_SIGN_ENTITLEMENTS = RecipeClipShareExtension/RecipeClipShareExtension.entitlements;
				CODE_SIGN_STYLE = Automatic;
				CURRENT_PROJECT_VERSION = 1;
				DEVELOPMENT_TEAM = AFY5UB59F7;
				GENERATE_INFOPLIST_FILE = YES;
				INFOPLIST_FILE = RecipeClipShareExtension/Info.plist;
				INFOPLIST_KEY_CFBundleDisplayName = RecipeClipShareExtension;
				INFOPLIST_KEY_NSHumanReadableCopyright = "";
				IPHONEOS_DEPLOYMENT_TARGET = 26.1;
				LD_RUNPATH_SEARCH_PATHS = (
					"$(inherited)",
					"@executable_path/Frameworks",
					"@executable_path/../../Frameworks",
				);
				MARKETING_VERSION = 1.0;
				PRODUCT_BUNDLE_IDENTIFIER = com.onolee.RecipeClip.RecipeClipShareExtension;
				PRODUCT_NAME = "$(TARGET_NAME)";
				SDKROOT = iphoneos;
				SKIP_INSTALL = YES;
				STRING_CATALOG_GENERATE_SYMBOLS = YES;
				SWIFT_APPROACHABLE_CONCURRENCY = YES;
				SWIFT_EMIT_LOC_STRINGS = YES;
				SWIFT_UPCOMING_FEATURE_MEMBER_IMPORT_VISIBILITY = YES;
				SWIFT_VERSION = 5.0;
				TARGETED_DEVICE_FAMILY = "1,2";
				VALIDATE_PRODUCT = YES;
			};
			name = Release;
		};
/* End XCBuildConfiguration section */

/* Begin XCConfigurationList section */
		5ABF49E72FAFDF1800AD367D /* Build configuration list for PBXProject "RecipeClip" */ = {
			isa = XCConfigurationList;
			buildConfigurations = (
				5ABF4A0D2FAFDF1B00AD367D /* Debug */,
				5ABF4A0E2FAFDF1B00AD367D /* Release */,
			);
			defaultConfigurationIsVisible = 0;
			defaultConfigurationName = Release;
		};
		5ABF4A0F2FAFDF1B00AD367D /* Build configuration list for PBXNativeTarget "RecipeClip" */ = {
			isa = XCConfigurationList;
			buildConfigurations = (
				5ABF4A102FAFDF1B00AD367D /* Debug */,
				5ABF4A112FAFDF1B00AD367D /* Release */,
			);
			defaultConfigurationIsVisible = 0;
			defaultConfigurationName = Release;
		};
		5ABF4A122FAFDF1B00AD367D /* Build configuration list for PBXNativeTarget "RecipeClipTests" */ = {
			isa = XCConfigurationList;
			buildConfigurations = (
				5ABF4A132FAFDF1B00AD367D /* Debug */,
				5ABF4A142FAFDF1B00AD367D /* Release */,
			);
			defaultConfigurationIsVisible = 0;
			defaultConfigurationName = Release;
		};
		5ABF4A152FAFDF1B00AD367D /* Build configuration list for PBXNativeTarget "RecipeClipUITests" */ = {
			isa = XCConfigurationList;
			buildConfigurations = (
				5ABF4A162FAFDF1B00AD367D /* Debug */,
				5ABF4A172FAFDF1B00AD367D /* Release */,
			);
			defaultConfigurationIsVisible = 0;
			defaultConfigurationName = Release;
		};
		5ABF4A4E2FB0931E00AD367D /* Build configuration list for PBXNativeTarget "RecipeClipShareExtension" */ = {
			isa = XCConfigurationList;
			buildConfigurations = (
				5ABF4A4C2FB0931E00AD367D /* Debug */,
				5ABF4A4D2FB0931E00AD367D /* Release */,
			);
			defaultConfigurationIsVisible = 0;
			defaultConfigurationName = Release;
		};
/* End XCConfigurationList section */
	};
	rootObject = 5ABF49E42FAFDF1800AD367D /* Project object */;
}
